// !$*UTF8*$!
{
	archiveVersion = 1;
	classes = {
	};
	objectVersion = 46;
	objects = {

/* Begin PBXBuildFile section */
		5ECE0F2B19F8AB500098CF65 /* main.m in Sources */ = {isa = PBXBuildFile; fileRef = 5ECE0F2A19F8AB500098CF65 /* main.m */; };
		5ECE0F2E19F8AB500098CF65 /* AppDelegate.m in Sources */ = {isa = PBXBuildFile; fileRef = 5ECE0F2D19F8AB500098CF65 /* AppDelegate.m */; };
		5ECE0F3119F8AB500098CF65 /* FirstViewController.m in Sources */ = {isa = PBXBuildFile; fileRef = 5ECE0F3019F8AB500098CF65 /* FirstViewController.m */; };
		5ECE0F3419F8AB500098CF65 /* SecondViewController.m in Sources */ = {isa = PBXBuildFile; fileRef = 5ECE0F3319F8AB500098CF65 /* SecondViewController.m */; };
		5ECE0F3719F8AB500098CF65 /* Main.storyboard in Resources */ = {isa = PBXBuildFile; fileRef = 5ECE0F3519F8AB500098CF65 /* Main.storyboard */; };
		5ECE0F3919F8AB500098CF65 /* Images.xcassets in Resources */ = {isa = PBXBuildFile; fileRef = 5ECE0F3819F8AB500098CF65 /* Images.xcassets */; };
		5ECE0F3C19F8AB500098CF65 /* LaunchScreen.xib in Resources */ = {isa = PBXBuildFile; fileRef = 5ECE0F3A19F8AB500098CF65 /* LaunchScreen.xib */; };
		5ECE0F4819F8AB500098CF65 /* TubeIPadAppTests.m in Sources */ = {isa = PBXBuildFile; fileRef = 5ECE0F4719F8AB500098CF65 /* TubeIPadAppTests.m */; };
/* End PBXBuildFile section */

/* Begin PBXContainerItemProxy section */
		5ECE0F4219F8AB500098CF65 /* PBXContainerItemProxy */ = {
			isa = PBXContainerItemProxy;
			containerPortal = 5ECE0F1D19F8AB500098CF65 /* Project object */;
			proxyType = 1;
			remoteGlobalIDString = 5ECE0F2419F8AB500098CF65;
			remoteInfo = TubeIPadApp;
		};
/* End PBXContainerItemProxy section */

/* Begin PBXFileReference section */
		5ECE0F2519F8AB500098CF65 /* TubeIPadApp.app */ = {isa = PBXFileReference; explicitFileType = wrapper.application; includeInIndex = 0; path = TubeIPadApp.app; sourceTree = BUILT_PRODUCTS_DIR; };
		5ECE0F2919F8AB500098CF65 /* Info.plist */ = {isa = PBXFileReference; lastKnownFileType = text.plist.xml; path = Info.plist; sourceTree = "<group>"; };
		5ECE0F2A19F8AB500098CF65 /* main.m */ = {isa = PBXFileReference; lastKnownFileType = sourcecode.c.objc; path = main.m; sourceTree = "<group>"; };
		5ECE0F2C19F8AB500098CF65 /* AppDelegate.h */ = {isa = PBXFileReference; lastKnownFileType = sourcecode.c.h; path = AppDelegate.h; sourceTree = "<group>"; };
		5ECE0F2D19F8AB500098CF65 /* AppDelegate.m */ = {isa = PBXFileReference; lastKnownFileType = sourcecode.c.objc; path = AppDelegate.m; sourceTree = "<group>"; };
		5ECE0F2F19F8AB500098CF65 /* FirstViewController.h */ = {isa = PBXFileReference; lastKnownFileType = sourcecode.c.h; path = FirstViewController.h; sourceTree = "<group>"; };
		5ECE0F3019F8AB500098CF65 /* FirstViewController.m */ = {isa = PBXFileReference; lastKnownFileType = sourcecode.c.objc; path = FirstViewController.m; sourceTree = "<group>"; };
		5ECE0F3219F8AB500098CF65 /* SecondViewController.h */ = {isa = PBXFileReference; lastKnownFileType = sourcecode.c.h; path = SecondViewController.h; sourceTree = "<group>"; };
		5ECE0F3319F8AB500098CF65 /* SecondViewController.m */ = {isa = PBXFileReference; lastKnownFileType = sourcecode.c.objc; path = SecondViewController.m; sourceTree = "<group>"; };
		5ECE0F3619F8AB500098CF65 /* Base */ = {isa = PBXFileReference; lastKnownFileType = file.storyboard; name = Base; path = Base.lproj/Main.storyboard; sourceTree = "<group>"; };
		5ECE0F3819F8AB500098CF65 /* Images.xcassets */ = {isa = PBXFileReference; lastKnownFileType = folder.assetcatalog; path = Images.xcassets; sourceTree = "<group>"; };
		5ECE0F3B19F8AB500098CF65 /* Base */ = {isa = PBXFileReference; lastKnownFileType = file.xib; name = Base; path = Base.lproj/LaunchScreen.xib; sourceTree = "<group>"; };
		5ECE0F4119F8AB500098CF65 /* TubeIPadAppTests.xctest */ = {isa = PBXFileReference; explicitFileType = wrapper.cfbundle; includeInIndex = 0; path = TubeIPadAppTests.xctest; sourceTree = BUILT_PRODUCTS_DIR; };
		5ECE0F4619F8AB500098CF65 /* Info.plist */ = {isa = PBXFileReference; lastKnownFileType = text.plist.xml; path = Info.plist; sourceTree = "<group>"; };
		5ECE0F4719F8AB500098CF65 /* TubeIPadAppTests.m */ = {isa = PBXFileReference; lastKnownFileType = sourcecode.c.objc; path = TubeIPadAppTests.m; sourceTree = "<group>"; };
/* End PBXFileReference section */

/* Begin PBXFrameworksBuildPhase section */
		5ECE0F2219F8AB500098CF65 /* Frameworks */ = {
			isa = PBXFrameworksBuildPhase;
			buildActionMask = 2147483647;
			files = (
			);
			runOnlyForDeploymentPostprocessing = 0;
		};
		5ECE0F3E19F8AB500098CF65 /* Frameworks */ = {
			isa = PBXFrameworksBuildPhase;
			buildActionMask = 2147483647;
			files = (
			);
			runOnlyForDeploymentPostprocessing = 0;
		};
/* End PBXFrameworksBuildPhase section */

/* Begin PBXGroup section */
		5ECE0F1C19F8AB500098CF65 = {
			isa = PBXGroup;
			children = (
				5ECE0F2719F8AB500098CF65 /* TubeIPadApp */,
				5ECE0F4419F8AB500098CF65 /* TubeIPadAppTests */,
				5ECE0F2619F8AB500098CF65 /* Products */,
			);
			sourceTree = "<group>";
		};
		5ECE0F2619F8AB500098CF65 /* Products */ = {
			isa = PBXGroup;
			children = (
				5ECE0F2519F8AB500098CF65 /* TubeIPadApp.app */,
				5ECE0F4119F8AB500098CF65 /* TubeIPadAppTests.xctest */,
			);
			name = Products;
			sourceTree = "<group>";
		};
		5ECE0F2719F8AB500098CF65 /* TubeIPadApp */ = {
			isa = PBXGroup;
			children = (
				5ECE0F2C19F8AB500098CF65 /* AppDelegate.h */,
				5ECE0F2D19F8AB500098CF65 /* AppDelegate.m */,
				5ECE0F2F19F8AB500098CF65 /* FirstViewController.h */,
				5ECE0F3019F8AB500098CF65 /* FirstViewController.m */,
				5ECE0F3219F8AB500098CF65 /* SecondViewController.h */,
				5ECE0F3319F8AB500098CF65 /* SecondViewController.m */,
				5ECE0F3519F8AB500098CF65 /* Main.storyboard */,
				5ECE0F3819F8AB500098CF65 /* Images.xcassets */,
				5ECE0F3A19F8AB500098CF65 /* LaunchScreen.xib */,
				5ECE0F2819F8AB500098CF65 /* Supporting Files */,
			);
			path = TubeIPadApp;
			sourceTree = "<group>";
		};
		5ECE0F2819F8AB500098CF65 /* Supporting Files */ = {
			isa = PBXGroup;
			children = (
				5ECE0F2919F8AB500098CF65 /* Info.plist */,
				5ECE0F2A19F8AB500098CF65 /* main.m */,
			);
			name = "Supporting Files";
			sourceTree = "<group>";
		};
		5ECE0F4419F8AB500098CF65 /* TubeIPadAppTests */ = {
			isa = PBXGroup;
			children = (
				5ECE0F4719F8AB500098CF65 /* TubeIPadAppTests.m */,
				5ECE0F4519F8AB500098CF65 /* Supporting Files */,
			);
			path = TubeIPadAppTests;
			sourceTree = "<group>";
		};
		5ECE0F4519F8AB500098CF65 /* Supporting Files */ = {
			isa = PBXGroup;
			children = (
				5ECE0F4619F8AB500098CF65 /* Info.plist */,
			);
			name = "Supporting Files";
			sourceTree = "<group>";
		};
/* End PBXGroup section */

/* Begin PBXNativeTarget section */
		5ECE0F2419F8AB500098CF65 /* TubeIPadApp */ = {
			isa = PBXNativeTarget;
			buildConfigurationList = 5ECE0F4B19F8AB500098CF65 /* Build configuration list for PBXNativeTarget "TubeIPadApp" */;
			buildPhases = (
				5ECE0F2119F8AB500098CF65 /* Sources */,
				5ECE0F2219F8AB500098CF65 /* Frameworks */,
				5ECE0F2319F8AB500098CF65 /* Resources */,
			);
			buildRules = (
			);
			dependencies = (
			);
			name = TubeIPadApp;
			productName = TubeIPadApp;
			productReference = 5ECE0F2519F8AB500098CF65 /* TubeIPadApp.app */;
			productType = "com.apple.product-type.application";
		};
		5ECE0F4019F8AB500098CF65 /* TubeIPadAppTests */ = {
			isa = PBXNativeTarget;
			buildConfigurationList = 5ECE0F4E19F8AB500098CF65 /* Build configuration list for PBXNativeTarget "TubeIPadAppTests" */;
			buildPhases = (
				5ECE0F3D19F8AB500098CF65 /* Sources */,
				5ECE0F3E19F8AB500098CF65 /* Frameworks */,
				5ECE0F3F19F8AB500098CF65 /* Resources */,
			);
			buildRules = (
			);
			dependencies = (
				5ECE0F4319F8AB500098CF65 /* PBXTargetDependency */,
			);
			name = TubeIPadAppTests;
			productName = TubeIPadAppTests;
			productReference = 5ECE0F4119F8AB500098CF65 /* TubeIPadAppTests.xctest */;
			productType = "com.apple.product-type.bundle.unit-test";
		};
/* End PBXNativeTarget section */

/* Begin PBXProject section */
		5ECE0F1D19F8AB500098CF65 /* Project object */ = {
			isa = PBXProject;
			attributes = {
				LastUpgradeCheck = 0610;
				ORGANIZATIONNAME = djzhang;
				TargetAttributes = {
					5ECE0F2419F8AB500098CF65 = {
						CreatedOnToolsVersion = 6.1;
						DevelopmentTeam = VCRS784KF3;
					};
					5ECE0F4019F8AB500098CF65 = {
						CreatedOnToolsVersion = 6.1;
						TestTargetID = 5ECE0F2419F8AB500098CF65;
					};
				};
			};
			buildConfigurationList = 5ECE0F2019F8AB500098CF65 /* Build configuration list for PBXProject "TubeIPadApp" */;
			compatibilityVersion = "Xcode 3.2";
			developmentRegion = English;
			hasScannedForEncodings = 0;
			knownRegions = (
				en,
				Base,
			);
			mainGroup = 5ECE0F1C19F8AB500098CF65;
			productRefGroup = 5ECE0F2619F8AB500098CF65 /* Products */;
			projectDirPath = "";
			projectRoot = "";
			targets = (
				5ECE0F2419F8AB500098CF65 /* TubeIPadApp */,
				5ECE0F4019F8AB500098CF65 /* TubeIPadAppTests */,
			);
		};
/* End PBXProject section */

/* Begin PBXResourcesBuildPhase section */
		5ECE0F2319F8AB500098CF65 /* Resources */ = {
			isa = PBXResourcesBuildPhase;
			buildActionMask = 2147483647;
			files = (
				5ECE0F3719F8AB500098CF65 /* Main.storyboard in Resources */,
				5ECE0F3C19F8AB500098CF65 /* LaunchScreen.xib in Resources */,
				5ECE0F3919F8AB500098CF65 /* Images.xcassets in Resources */,
			);
			runOnlyForDeploymentPostprocessing = 0;
		};
		5ECE0F3F19F8AB500098CF65 /* Resources */ = {
			isa = PBXResourcesBuildPhase;
			buildActionMask = 2147483647;
			files = (
			);
			runOnlyForDeploymentPostprocessing = 0;
		};
/* End PBXResourcesBuildPhase section */

/* Begin PBXSourcesBuildPhase section */
		5ECE0F2119F8AB500098CF65 /* Sources */ = {
			isa = PBXSourcesBuildPhase;
			buildActionMask = 2147483647;
			files = (
				5ECE0F3419F8AB500098CF65 /* SecondViewController.m in Sources */,
				5ECE0F2E19F8AB500098CF65 /* AppDelegate.m in Sources */,
				5ECE0F3119F8AB500098CF65 /* FirstViewController.m in Sources */,
				5ECE0F2B19F8AB500098CF65 /* main.m in Sources */,
			);
			runOnlyForDeploymentPostprocessing = 0;
		};
		5ECE0F3D19F8AB500098CF65 /* Sources */ = {
			isa = PBXSourcesBuildPhase;
			buildActionMask = 2147483647;
			files = (
				5ECE0F4819F8AB500098CF65 /* TubeIPadAppTests.m in Sources */,
			);
			runOnlyForDeploymentPostprocessing = 0;
		};
/* End PBXSourcesBuildPhase section */

/* Begin PBXTargetDependency section */
		5ECE0F4319F8AB500098CF65 /* PBXTargetDependency */ = {
			isa = PBXTargetDependency;
			target = 5ECE0F2419F8AB500098CF65 /* TubeIPadApp */;
			targetProxy = 5ECE0F4219F8AB500098CF65 /* PBXContainerItemProxy */;
		};
/* End PBXTargetDependency section */

/* Begin PBXVariantGroup section */
		5ECE0F3519F8AB500098CF65 /* Main.storyboard */ = {
			isa = PBXVariantGroup;
			children = (
				5ECE0F3619F8AB500098CF65 /* Base */,
			);
			name = Main.storyboard;
			sourceTree = "<group>";
		};
		5ECE0F3A19F8AB500098CF65 /* LaunchScreen.xib */ = {
			isa = PBXVariantGroup;
			children = (
				5ECE0F3B19F8AB500098CF65 /* Base */,
			);
			name = LaunchScreen.xib;
			sourceTree = "<group>";
		};
/* End PBXVariantGroup section */

/* Begin XCBuildConfiguration section */
		5ECE0F4919F8AB500098CF65 /* Debug */ = {
			isa = XCBuildConfiguration;
			buildSettings = {
				ALWAYS_SEARCH_USER_PATHS = NO;
				CLANG_CXX_LANGUAGE_STANDARD = "gnu++0x";
				CLANG_CXX_LIBRARY = "libc++";
				CLANG_ENABLE_MODULES = YES;
				CLANG_ENABLE_OBJC_ARC = YES;
				CLANG_WARN_BOOL_CONVERSION = YES;
				CLANG_WARN_CONSTANT_CONVERSION = YES;
				CLANG_WARN_DIRECT_OBJC_ISA_USAGE = YES_ERROR;
				CLANG_WARN_EMPTY_BODY = YES;
				CLANG_WARN_ENUM_CONVERSION = YES;
				CLANG_WARN_INT_CONVERSION = YES;
				CLANG_WARN_OBJC_ROOT_CLASS = YES_ERROR;
				CLANG_WARN_UNREACHABLE_CODE = YES;
				CLANG_WARN__DUPLICATE_METHOD_MATCH = YES;
				"CODE_SIGN_IDENTITY[sdk=iphoneos*]" = "iPhone Developer";
				COPY_PHASE_STRIP = NO;
				ENABLE_STRICT_OBJC_MSGSEND = YES;
				GCC_C_LANGUAGE_STANDARD = gnu99;
				GCC_DYNAMIC_NO_PIC = NO;
				GCC_OPTIMIZATION_LEVEL = 0;
				GCC_PREPROCESSOR_DEFINITIONS = (
					"DEBUG=1",
					"$(inherited)",
				);
				GCC_SYMBOLS_PRIVATE_EXTERN = NO;
				GCC_WARN_64_TO_32_BIT_CONVERSION = YES;
				GCC_WARN_ABOUT_RETURN_TYPE = YES_ERROR;
				GCC_WARN_UNDECLARED_SELECTOR = YES;
				GCC_WARN_UNINITIALIZED_AUTOS = YES_AGGRESSIVE;
				GCC_WARN_UNUSED_FUNCTION = YES;
				GCC_WARN_UNUSED_VARIABLE = YES;
				IPHONEOS_DEPLOYMENT_TARGET = 8.1;
				MTL_ENABLE_DEBUG_INFO = YES;
				ONLY_ACTIVE_ARCH = YES;
				SDKROOT = iphoneos;
				TARGETED_DEVICE_FAMILY = 2;
			};
			name = Debug;
		};
		5ECE0F4A19F8AB500098CF65 /* Release */ = {
			isa = XCBuildConfiguration;
			buildSettings = {
				ALWAYS_SEARCH_USER_PATHS = NO;
				CLANG_CXX_LANGUAGE_STANDARD = "gnu++0x";
				CLANG_CXX_LIBRARY = "libc++";
				CLANG_ENABLE_MODULES = YES;
				CLANG_ENABLE_OBJC_ARC = YES;
				CLANG_WARN_BOOL_CONVERSION = YES;
				CLANG_WARN_CONSTANT_CONVERSION = YES;
				CLANG_WARN_DIRECT_OBJC_ISA_USAGE = YES_ERROR;
				CLANG_WARN_EMPTY_BODY = YES;
				CLANG_WARN_ENUM_CONVERSION = YES;
				CLANG_WARN_INT_CONVERSION = YES;
				CLANG_WARN_OBJC_ROOT_CLASS = YES_ERROR;
				CLANG_WARN_UNREACHABLE_CODE = YES;
				CLANG_WARN__DUPLICATE_METHOD_MATCH = YES;
				"CODE_SIGN_IDENTITY[sdk=iphoneos*]" = "iPhone Developer";
				COPY_PHASE_STRIP = YES;
				ENABLE_NS_ASSERTIONS = NO;
				ENABLE_STRICT_OBJC_MSGSEND = YES;
				GCC_C_LANGUAGE_STANDARD = gnu99;
				GCC_WARN_64_TO_32_BIT_CONVERSION = YES;
				GCC_WARN_ABOUT_RETURN_TYPE = YES_ERROR;
				GCC_WARN_UNDECLARED_SELECTOR = YES;
				GCC_WARN_UNINITIALIZED_AUTOS = YES_AGGRESSIVE;
				GCC_WARN_UNUSED_FUNCTION = YES;
				GCC_WARN_UNUSED_VARIABLE = YES;
				IPHONEOS_DEPLOYMENT_TARGET = 8.1;
				MTL_ENABLE_DEBUG_INFO = NO;
				SDKROOT = iphoneos;
				TARGETED_DEVICE_FAMILY = 2;
				VALIDATE_PRODUCT = YES;
			};
			name = Release;
		};
		5ECE0F4C19F8AB500098CF65 /* Debug */ = {
			isa = XCBuildConfiguration;
			buildSettings = {
				ASSETCATALOG_COMPILER_APPICON_NAME = AppIcon;
				CODE_SIGN_IDENTITY = "iPhone Developer";
				INFOPLIST_FILE = TubeIPadApp/Info.plist;
				LD_RUNPATH_SEARCH_PATHS = "$(inherited) @executable_path/Frameworks";
				PRODUCT_NAME = "$(TARGET_NAME)";
			};
			name = Debug;
		};
		5ECE0F4D19F8AB500098CF65 /* Release */ = {
			isa = XCBuildConfiguration;
			buildSettings = {
				ASSETCATALOG_COMPILER_APPICON_NAME = AppIcon;
				CODE_SIGN_IDENTITY = "iPhone Developer";
				INFOPLIST_FILE = TubeIPadApp/Info.plist;
				LD_RUNPATH_SEARCH_PATHS = "$(inherited) @executable_path/Frameworks";
				PRODUCT_NAME = "$(TARGET_NAME)";
			};
			name = Release;
		};
		5ECE0F4F19F8AB500098CF65 /* Debug */ = {
			isa = XCBuildConfiguration;
			buildSettings = {
				BUNDLE_LOADER = "$(TEST_HOST)";
				FRAMEWORK_SEARCH_PATHS = (
					"$(SDKROOT)/Developer/Library/Frameworks",
					"$(inherited)",
				);
				GCC_PREPROCESSOR_DEFINITIONS = (
					"DEBUG=1",
					"$(inherited)",
				);
				INFOPLIST_FILE = TubeIPadAppTests/Info.plist;
				LD_RUNPATH_SEARCH_PATHS = "$(inherited) @executable_path/Frameworks @loader_path/Frameworks";
				PRODUCT_NAME = "$(TARGET_NAME)";
				TEST_HOST = "$(BUILT_PRODUCTS_DIR)/TubeIPadApp.app/TubeIPadApp";
			};
			name = Debug;
		};
		5ECE0F5019F8AB500098CF65 /* Release */ = {
			isa = XCBuildConfiguration;
			buildSettings = {
				BUNDLE_LOADER = "$(TEST_HOST)";
				FRAMEWORK_SEARCH_PATHS = (
					"$(SDKROOT)/Developer/Library/Frameworks",
					"$(inherited)",
				);
				INFOPLIST_FILE = TubeIPadAppTests/Info.plist;
				LD_RUNPATH_SEARCH_PATHS = "$(inherited) @executable_path/Frameworks @loader_path/Frameworks";
				PRODUCT_NAME = "$(TARGET_NAME)";
				TEST_HOST = "$(BUILT_PRODUCTS_DIR)/TubeIPadApp.app/TubeIPadApp";
			};
			name = Release;
		};
/* End XCBuildConfiguration section */

/* Begin XCConfigurationList section */
		5ECE0F2019F8AB500098CF65 /* Build configuration list for PBXProject "TubeIPadApp" */ = {
			isa = XCConfigurationList;
			buildConfigurations = (
				5ECE0F4919F8AB500098CF65 /* Debug */,
				5ECE0F4A19F8AB500098CF65 /* Release */,
			);
			defaultConfigurationIsVisible = 0;
			defaultConfigurationName = Release;
		};
		5ECE0F4B19F8AB500098CF65 /* Build configuration list for PBXNativeTarget "TubeIPadApp" */ = {
			isa = XCConfigurationList;
			buildConfigurations = (
				5ECE0F4C19F8AB500098CF65 /* Debug */,
				5ECE0F4D19F8AB500098CF65 /* Release */,
			);
			defaultConfigurationIsVisible = 0;
		};
		5ECE0F4E19F8AB500098CF65 /* Build configuration list for PBXNativeTarget "TubeIPadAppTests" */ = {
			isa = XCConfigurationList;
			buildConfigurations = (
				5ECE0F4F19F8AB500098CF65 /* Debug */,
				5ECE0F5019F8AB500098CF65 /* Release */,
			);
			defaultConfigurationIsVisible = 0;
		};
/* End XCConfigurationList section */
	};
	rootObject = 5ECE0F1D19F8AB500098CF65 /* Project object */;
}
